
Microsoft Visual Studio Solution File, Format Version 12.00
# Visual Studio Version 17
VisualStudioVersion = 17.0.32126.317
MinimumVisualStudioVersion = 10.0.40219.1
Project("{FAE04EC0-301F-11D3-BF4B-00C04F79EFBC}") = "Beautiful Dummy SQLite", "Beautiful Dummy SQLite\Beautiful Dummy SQLite.csproj", "{1EEBF708-C5E2-4786-9F42-34CB35019A7C}"
EndProject
Global
	GlobalSection(SolutionConfigurationPlatforms) = preSolution
		Debug|Any CPU = Debug|Any CPU
		Release|Any CPU = Release|Any CPU
	EndGlobalSection
	GlobalSection(ProjectConfigurationPlatforms) = postSolution
		{1EEBF708-C5E2-4786-9F42-34CB35019A7C}.Debug|Any CPU.ActiveCfg = Debug|Any CPU
		{1EEBF708-C5E2-4786-9F42-34CB35019A7C}.Debug|Any CPU.Build.0 = Debug|Any CPU
		{1EEBF708-C5E2-4786-9F42-34CB35019A7C}.Release|Any CPU.ActiveCfg = Release|Any CPU
		{1EEBF708-C5E2-4786-9F42-34CB35019A7C}.Release|Any CPU.Build.0 = Release|Any CPU
	EndGlobalSection
	GlobalSection(SolutionProperties) = preSolution
		HideSolutionNode = FALSE
	EndGlobalSection
	GlobalSection(ExtensibilityGlobals) = postSolution
		SolutionGuid = {8EBA13F4-AA41-447D-B93A-2EB1FAE5A64C}
	EndGlobalSection
EndGlobal
